
Microsoft Visual Studio Solution File, Format Version 12.00
# Visual Studio 15
VisualStudioVersion = 15.0.28307.421
MinimumVisualStudioVersion = 10.0.40219.1
Project("{FAE04EC0-301F-11D3-BF4B-00C04F79EFBC}") = "DistancesTranslator", "DistancesTranslator\DistancesTranslator.csproj", "{F1E98270-8106-40D1-9485-628F3F451844}"
EndProject
Project("{FAE04EC0-301F-11D3-BF4B-00C04F79EFBC}") = "DistancesTranslatorTest", "DistancesTranslatorTest\DistancesTranslatorTest.csproj", "{60A906C7-0047-424E-AB68-24EEB2A1398E}"
EndProject
Global
	GlobalSection(SolutionConfigurationPlatforms) = preSolution
		Debug|Any CPU = Debug|Any CPU
		Release|Any CPU = Release|Any CPU
	EndGlobalSection
	GlobalSection(ProjectConfigurationPlatforms) = postSolution
		{F1E98270-8106-40D1-9485-628F3F451844}.Debug|Any CPU.ActiveCfg = Debug|Any CPU
		{F1E98270-8106-40D1-9485-628F3F451844}.Debug|Any CPU.Build.0 = Debug|Any CPU
		{F1E98270-8106-40D1-9485-628F3F451844}.Release|Any CPU.ActiveCfg = Release|Any CPU
		{F1E98270-8106-40D1-9485-628F3F451844}.Release|Any CPU.Build.0 = Release|Any CPU
		{60A906C7-0047-424E-AB68-24EEB2A1398E}.Debug|Any CPU.ActiveCfg = Debug|Any CPU
		{60A906C7-0047-424E-AB68-24EEB2A1398E}.Debug|Any CPU.Build.0 = Debug|Any CPU
		{60A906C7-0047-424E-AB68-24EEB2A1398E}.Release|Any CPU.ActiveCfg = Release|Any CPU
		{60A906C7-0047-424E-AB68-24EEB2A1398E}.Release|Any CPU.Build.0 = Release|Any CPU
	EndGlobalSection
	GlobalSection(SolutionProperties) = preSolution
		HideSolutionNode = FALSE
	EndGlobalSection
	GlobalSection(ExtensibilityGlobals) = postSolution
		SolutionGuid = {0F4D943A-AFFE-4892-BBDE-7850A77E04BF}
	EndGlobalSection
EndGlobal
